
Microsoft Visual Studio Solution File, Format Version 12.00
# Visual Studio Version 16
VisualStudioVersion = 16.0.29728.190
MinimumVisualStudioVersion = 10.0.40219.1
Project("{FAE04EC0-301F-11D3-BF4B-00C04F79EFBC}") = "SEdi", "SEdi\SEdi.csproj", "{047007D4-66FE-4D2A-8EC1-BA911399FB82}"
EndProject
Global
	GlobalSection(SolutionConfigurationPlatforms) = preSolution
		Debug|Any CPU = Debug|Any CPU
		Release|Any CPU = Release|Any CPU
	EndGlobalSection
	GlobalSection(ProjectConfigurationPlatforms) = postSolution
		{047007D4-66FE-4D2A-8EC1-BA911399FB82}.Debug|Any CPU.ActiveCfg = Debug|Any CPU
		{047007D4-66FE-4D2A-8EC1-BA911399FB82}.Debug|Any CPU.Build.0 = Debug|Any CPU
		{047007D4-66FE-4D2A-8EC1-BA911399FB82}.Release|Any CPU.ActiveCfg = Release|Any CPU
		{047007D4-66FE-4D2A-8EC1-BA911399FB82}.Release|Any CPU.Build.0 = Release|Any CPU
	EndGlobalSection
	GlobalSection(SolutionProperties) = preSolution
		HideSolutionNode = FALSE
	EndGlobalSection
	GlobalSection(ExtensibilityGlobals) = postSolution
		SolutionGuid = {05EC4BB1-5F2D-449B-B107-EA91562855CD}
	EndGlobalSection
EndGlobal
